
Microsoft Visual Studio Solution File, Format Version 12.00
# Visual Studio Version 17
VisualStudioVersion = 17.0.31903.59
MinimumVisualStudioVersion = 10.0.40219.1
Project("{FAE04EC0-301F-11D3-BF4B-00C04F79EFBC}") = "ContactosAPI", "ContactosAPI\ContactosAPI.csproj", "{2868CD77-468A-423D-8587-A5261001E1B7}"
EndProject
Project("{FAE04EC0-301F-11D3-BF4B-00C04F79EFBC}") = "ApiContactos.Tests", "ApiContactos.Tests\ApiContactos.Tests.csproj", "{61DCE92C-110C-4A8D-89D2-32645387E964}"
EndProject
Global
	GlobalSection(SolutionConfigurationPlatforms) = preSolution
		Debug|Any CPU = Debug|Any CPU
		Release|Any CPU = Release|Any CPU
	EndGlobalSection
	GlobalSection(SolutionProperties) = preSolution
		HideSolutionNode = FALSE
	EndGlobalSection
	GlobalSection(ProjectConfigurationPlatforms) = postSolution
		{2868CD77-468A-423D-8587-A5261001E1B7}.Debug|Any CPU.ActiveCfg = Debug|Any CPU
		{2868CD77-468A-423D-8587-A5261001E1B7}.Debug|Any CPU.Build.0 = Debug|Any CPU
		{2868CD77-468A-423D-8587-A5261001E1B7}.Release|Any CPU.ActiveCfg = Release|Any CPU
		{2868CD77-468A-423D-8587-A5261001E1B7}.Release|Any CPU.Build.0 = Release|Any CPU
		{61DCE92C-110C-4A8D-89D2-32645387E964}.Debug|Any CPU.ActiveCfg = Debug|Any CPU
		{61DCE92C-110C-4A8D-89D2-32645387E964}.Debug|Any CPU.Build.0 = Debug|Any CPU
		{61DCE92C-110C-4A8D-89D2-32645387E964}.Release|Any CPU.ActiveCfg = Release|Any CPU
		{61DCE92C-110C-4A8D-89D2-32645387E964}.Release|Any CPU.Build.0 = Release|Any CPU
	EndGlobalSection
EndGlobal
